
Microsoft Visual Studio Solution File, Format Version 12.00
# Visual Studio Version 16
VisualStudioVersion = 16.0.31729.503
MinimumVisualStudioVersion = 10.0.40219.1
Project("{FAE04EC0-301F-11D3-BF4B-00C04F79EFBC}") = "AS_assign1", "AS_assign1.csproj", "{B351723F-3B32-4B32-9A39-F63E8D08B1AA}"
EndProject
Global
	GlobalSection(SolutionConfigurationPlatforms) = preSolution
		Debug|Any CPU = Debug|Any CPU
		Release|Any CPU = Release|Any CPU
	EndGlobalSection
	GlobalSection(ProjectConfigurationPlatforms) = postSolution
		{B351723F-3B32-4B32-9A39-F63E8D08B1AA}.Debug|Any CPU.ActiveCfg = Debug|Any CPU
		{B351723F-3B32-4B32-9A39-F63E8D08B1AA}.Debug|Any CPU.Build.0 = Debug|Any CPU
		{B351723F-3B32-4B32-9A39-F63E8D08B1AA}.Release|Any CPU.ActiveCfg = Release|Any CPU
		{B351723F-3B32-4B32-9A39-F63E8D08B1AA}.Release|Any CPU.Build.0 = Release|Any CPU
	EndGlobalSection
	GlobalSection(SolutionProperties) = preSolution
		HideSolutionNode = FALSE
	EndGlobalSection
	GlobalSection(ExtensibilityGlobals) = postSolution
		SolutionGuid = {9B007C63-7F1F-462D-B002-7690894ECA64}
	EndGlobalSection
EndGlobal
